
Microsoft Visual Studio Solution File, Format Version 12.00
# Visual Studio Version 17
VisualStudioVersion = 17.4.33205.214
MinimumVisualStudioVersion = 10.0.40219.1
Project("{9A19103F-16F7-4668-BE54-9A1E7A4F7556}") = "DAL", "DAL\DAL.csproj", "{49A054D9-EA0D-477A-B9B3-480EC8F4E411}"
EndProject
Project("{9A19103F-16F7-4668-BE54-9A1E7A4F7556}") = "WebListaPrzebojow", "WebListaPrzebojow\WebListaPrzebojow.csproj", "{23AA30EC-A667-48EE-8B29-402813388080}"
EndProject
Project("{9A19103F-16F7-4668-BE54-9A1E7A4F7556}") = "BusinessLogicLayer", "BusinessLogicLayer\BusinessLogicLayer.csproj", "{89DEC198-8FEF-4D84-A96F-AE56095EA2AD}"
EndProject
Project("{9A19103F-16F7-4668-BE54-9A1E7A4F7556}") = "WebUserOperations", "WebUserOperations\WebUserOperations.csproj", "{1E230CBD-9036-408B-8C6B-77DA4F3A13E1}"
EndProject
Project("{9A19103F-16F7-4668-BE54-9A1E7A4F7556}") = "TestProjectBLL", "TestProjectBLL\TestProjectBLL.csproj", "{6BEA025F-AEF6-4073-9826-B2BC1021CDB1}"
	ProjectSection(ProjectDependencies) = postProject
		{49A054D9-EA0D-477A-B9B3-480EC8F4E411} = {49A054D9-EA0D-477A-B9B3-480EC8F4E411}
		{89DEC198-8FEF-4D84-A96F-AE56095EA2AD} = {89DEC198-8FEF-4D84-A96F-AE56095EA2AD}
	EndProjectSection
EndProject
Project("{FAE04EC0-301F-11D3-BF4B-00C04F79EFBC}") = "TestControllersMVC", "TestControllersMVC\TestControllersMVC.csproj", "{7D217F00-422F-4252-AA9C-BF66800A4D27}"
	ProjectSection(ProjectDependencies) = postProject
		{1E230CBD-9036-408B-8C6B-77DA4F3A13E1} = {1E230CBD-9036-408B-8C6B-77DA4F3A13E1}
		{6BEA025F-AEF6-4073-9826-B2BC1021CDB1} = {6BEA025F-AEF6-4073-9826-B2BC1021CDB1}
		{89DEC198-8FEF-4D84-A96F-AE56095EA2AD} = {89DEC198-8FEF-4D84-A96F-AE56095EA2AD}
	EndProjectSection
EndProject
Global
	GlobalSection(SolutionConfigurationPlatforms) = preSolution
		Debug|Any CPU = Debug|Any CPU
		Release|Any CPU = Release|Any CPU
	EndGlobalSection
	GlobalSection(ProjectConfigurationPlatforms) = postSolution
		{49A054D9-EA0D-477A-B9B3-480EC8F4E411}.Debug|Any CPU.ActiveCfg = Debug|Any CPU
		{49A054D9-EA0D-477A-B9B3-480EC8F4E411}.Debug|Any CPU.Build.0 = Debug|Any CPU
		{49A054D9-EA0D-477A-B9B3-480EC8F4E411}.Release|Any CPU.ActiveCfg = Release|Any CPU
		{49A054D9-EA0D-477A-B9B3-480EC8F4E411}.Release|Any CPU.Build.0 = Release|Any CPU
		{23AA30EC-A667-48EE-8B29-402813388080}.Debug|Any CPU.ActiveCfg = Debug|Any CPU
		{23AA30EC-A667-48EE-8B29-402813388080}.Debug|Any CPU.Build.0 = Debug|Any CPU
		{23AA30EC-A667-48EE-8B29-402813388080}.Release|Any CPU.ActiveCfg = Release|Any CPU
		{23AA30EC-A667-48EE-8B29-402813388080}.Release|Any CPU.Build.0 = Release|Any CPU
		{89DEC198-8FEF-4D84-A96F-AE56095EA2AD}.Debug|Any CPU.ActiveCfg = Debug|Any CPU
		{89DEC198-8FEF-4D84-A96F-AE56095EA2AD}.Debug|Any CPU.Build.0 = Debug|Any CPU
		{89DEC198-8FEF-4D84-A96F-AE56095EA2AD}.Release|Any CPU.ActiveCfg = Release|Any CPU
		{89DEC198-8FEF-4D84-A96F-AE56095EA2AD}.Release|Any CPU.Build.0 = Release|Any CPU
		{1E230CBD-9036-408B-8C6B-77DA4F3A13E1}.Debug|Any CPU.ActiveCfg = Debug|Any CPU
		{1E230CBD-9036-408B-8C6B-77DA4F3A13E1}.Debug|Any CPU.Build.0 = Debug|Any CPU
		{1E230CBD-9036-408B-8C6B-77DA4F3A13E1}.Release|Any CPU.ActiveCfg = Release|Any CPU
		{1E230CBD-9036-408B-8C6B-77DA4F3A13E1}.Release|Any CPU.Build.0 = Release|Any CPU
		{6BEA025F-AEF6-4073-9826-B2BC1021CDB1}.Debug|Any CPU.ActiveCfg = Debug|Any CPU
		{6BEA025F-AEF6-4073-9826-B2BC1021CDB1}.Debug|Any CPU.Build.0 = Debug|Any CPU
		{6BEA025F-AEF6-4073-9826-B2BC1021CDB1}.Release|Any CPU.ActiveCfg = Release|Any CPU
		{6BEA025F-AEF6-4073-9826-B2BC1021CDB1}.Release|Any CPU.Build.0 = Release|Any CPU
		{7D217F00-422F-4252-AA9C-BF66800A4D27}.Debug|Any CPU.ActiveCfg = Debug|Any CPU
		{7D217F00-422F-4252-AA9C-BF66800A4D27}.Debug|Any CPU.Build.0 = Debug|Any CPU
		{7D217F00-422F-4252-AA9C-BF66800A4D27}.Release|Any CPU.ActiveCfg = Release|Any CPU
		{7D217F00-422F-4252-AA9C-BF66800A4D27}.Release|Any CPU.Build.0 = Release|Any CPU
	EndGlobalSection
	GlobalSection(SolutionProperties) = preSolution
		HideSolutionNode = FALSE
	EndGlobalSection
	GlobalSection(ExtensibilityGlobals) = postSolution
		SolutionGuid = {5AF5C138-7881-4AE0-A86A-970A0C5DD57F}
	EndGlobalSection
EndGlobal
